
Microsoft Visual Studio Solution File, Format Version 11.00
# Visual Studio 2010
Project("{FAE04EC0-301F-11D3-BF4B-00C04F79EFBC}") = "RWABuilder", "RWABuilder.csproj", "{3FC7E0E9-2175-404B-BCB9-9BA8C34CF5BE}"
EndProject
Global
	GlobalSection(SolutionConfigurationPlatforms) = preSolution
		Debug|Any CPU = Debug|Any CPU
		Release|Any CPU = Release|Any CPU
	EndGlobalSection
	GlobalSection(ProjectConfigurationPlatforms) = postSolution
		{3FC7E0E9-2175-404B-BCB9-9BA8C34CF5BE}.Debug|Any CPU.ActiveCfg = Debug|Any CPU
		{3FC7E0E9-2175-404B-BCB9-9BA8C34CF5BE}.Debug|Any CPU.Build.0 = Debug|Any CPU
		{3FC7E0E9-2175-404B-BCB9-9BA8C34CF5BE}.Release|Any CPU.ActiveCfg = Release|Any CPU
		{3FC7E0E9-2175-404B-BCB9-9BA8C34CF5BE}.Release|Any CPU.Build.0 = Release|Any CPU
	EndGlobalSection
	GlobalSection(MonoDevelopProperties) = preSolution
		StartupItem = RWABuilder.csproj
	EndGlobalSection
EndGlobal
